{
  "name": "scripts",
  "version": "1.0.0",
  "lockfileVersion": 3,
  "requires": true,
  "packages": {
    "": {
      "name": "scripts",
      "version": "1.0.0",
      "license": "ISC",
      "dependencies": {
        "@minecraft/server": "^1.3.0-beta.1.20.0-preview.24",
        "@minecraft/server-admin": "^1.0.0-beta.1.20.0-preview.24",
        "@minecraft/server-gametest": "^1.0.0-beta.1.20.0-preview.24",
        "@minecraft/server-net": "^1.0.0-beta.1.20.0-preview.24",
        "@minecraft/server-ui": "^1.1.0-beta.1.20.0-preview.24",
        "typescript": "^5.0.4"
      }
    },
    "node_modules/@minecraft/server": {
      "version": "1.3.0-beta.1.20.0-preview.24",
      "resolved": "https://registry.npmjs.org/@minecraft/server/-/server-1.3.0-beta.1.20.0-preview.24.tgz",
      "integrity": "sha512-EmOHcyUHHY5qiHwERy3gg9r6HmFt1KvmpyEzhRpcnATuCCcPStMmcwNe+FU/fJ2tGf16ANmbR9Mccqoi28na5A=="
    },
    "node_modules/@minecraft/server-admin": {
      "version": "1.0.0-beta.1.20.0-preview.24",
      "resolved": "https://registry.npmjs.org/@minecraft/server-admin/-/server-admin-1.0.0-beta.1.20.0-preview.24.tgz",
      "integrity": "sha512-rz32TaEYFfdRQeB3/vsC+5sbFyaGo7snopcaMSiw6pQRCOg8DXmyTFwB7BncYF5vmmZI9rBiHrfZXcFcrZWBxg=="
    },
    "node_modules/@minecraft/server-gametest": {
      "version": "1.0.0-beta.1.20.0-preview.24",
      "resolved": "https://registry.npmjs.org/@minecraft/server-gametest/-/server-gametest-1.0.0-beta.1.20.0-preview.24.tgz",
      "integrity": "sha512-Rn4fQzylnokilZtcmsJAQNhKTdUBT762PJEUwDCKo6MHQuJiBtPYhd1mmgSOaYCpoyNpt5Na6SNNE1ZNTUvgdQ==",
      "dependencies": {
        "@minecraft/server": "1.4.0-beta.1.20.0-preview.24"
      }
    },
    "node_modules/@minecraft/server-gametest/node_modules/@minecraft/server": {
      "version": "1.4.0-beta.1.20.0-preview.24",
      "resolved": "https://registry.npmjs.org/@minecraft/server/-/server-1.4.0-beta.1.20.0-preview.24.tgz",
      "integrity": "sha512-oEdWojUfKEy8PdG2vlxAvTYGEDXUG4ESdXuS0EqLOO/FkZry615v7wPwT/CUQPP8t8Zi+KzlGLeAJAXUK08rMA=="
    },
    "node_modules/@minecraft/server-net": {
      "version": "1.0.0-beta.1.20.0-preview.24",
      "resolved": "https://registry.npmjs.org/@minecraft/server-net/-/server-net-1.0.0-beta.1.20.0-preview.24.tgz",
      "integrity": "sha512-5DtNqrEQw84HeLIspX70c6yJZbbwMJvTrtPjtgwdO7fZYlQQKrZCS3JmohiLeVPkCztp2YxSD+HD7zqhQhQGdA==",
      "dependencies": {
        "@minecraft/server-admin": "1.0.0-beta.1.20.0-preview.24"
      }
    },
    "node_modules/@minecraft/server-ui": {
      "version": "1.1.0-beta.1.20.0-preview.24",
      "resolved": "https://registry.npmjs.org/@minecraft/server-ui/-/server-ui-1.1.0-beta.1.20.0-preview.24.tgz",
      "integrity": "sha512-ZcA3EFCaDjfvsgszTRyvMXKnzvAI4EBCAu79kO30B352cmHx6NW9DAT96KOAHKQezIi/jIRboHO6pzgbkFkYZw==",
      "dependencies": {
        "@minecraft/server": "1.4.0-beta.1.20.0-preview.24"
      }
    },
    "node_modules/@minecraft/server-ui/node_modules/@minecraft/server": {
      "version": "1.4.0-beta.1.20.0-preview.24",
      "resolved": "https://registry.npmjs.org/@minecraft/server/-/server-1.4.0-beta.1.20.0-preview.24.tgz",
      "integrity": "sha512-oEdWojUfKEy8PdG2vlxAvTYGEDXUG4ESdXuS0EqLOO/FkZry615v7wPwT/CUQPP8t8Zi+KzlGLeAJAXUK08rMA=="
    },
    "node_modules/typescript": {
      "version": "5.0.4",
      "resolved": "https://registry.npmjs.org/typescript/-/typescript-5.0.4.tgz",
      "integrity": "sha512-cW9T5W9xY37cc+jfEnaUvX91foxtHkza3Nw3wkoF4sSlKn0MONdkdEndig/qPBWXNkmplh3NzayQzCiHM4/hqw==",
      "bin": {
        "tsc": "bin/tsc",
        "tsserver": "bin/tsserver"
      },
      "engines": {
        "node": ">=12.20"
      }
    }
  }
}
